
Microsoft Visual Studio Solution File, Format Version 12.00
# Visual Studio Version 17
VisualStudioVersion = 17.14.36301.6
MinimumVisualStudioVersion = 10.0.40219.1
Project("{FAE04EC0-301F-11D3-BF4B-00C04F79EFBC}") = "GalagaFighter.Core", "GalagaFighter.Core\GalagaFighter.Core.csproj", "{14E10E10-FC36-468E-8F06-223A80505A07}"
EndProject
Project("{FAE04EC0-301F-11D3-BF4B-00C04F79EFBC}") = "GalagaFighter.CharacterScreen", "GalagaFighter.Character\GalagaFighter.CharacterScreen.csproj", "{251E3EED-9CC8-8BFC-6F0F-DEE8CD1C1849}"
EndProject
Global
	GlobalSection(SolutionConfigurationPlatforms) = preSolution
		Debug|Any CPU = Debug|Any CPU
		Release|Any CPU = Release|Any CPU
	EndGlobalSection
	GlobalSection(ProjectConfigurationPlatforms) = postSolution
		{14E10E10-FC36-468E-8F06-223A80505A07}.Debug|Any CPU.ActiveCfg = Debug|Any CPU
		{14E10E10-FC36-468E-8F06-223A80505A07}.Debug|Any CPU.Build.0 = Debug|Any CPU
		{14E10E10-FC36-468E-8F06-223A80505A07}.Release|Any CPU.ActiveCfg = Release|Any CPU
		{14E10E10-FC36-468E-8F06-223A80505A07}.Release|Any CPU.Build.0 = Release|Any CPU
		{251E3EED-9CC8-8BFC-6F0F-DEE8CD1C1849}.Debug|Any CPU.ActiveCfg = Debug|Any CPU
		{251E3EED-9CC8-8BFC-6F0F-DEE8CD1C1849}.Debug|Any CPU.Build.0 = Debug|Any CPU
		{251E3EED-9CC8-8BFC-6F0F-DEE8CD1C1849}.Release|Any CPU.ActiveCfg = Release|Any CPU
		{251E3EED-9CC8-8BFC-6F0F-DEE8CD1C1849}.Release|Any CPU.Build.0 = Release|Any CPU
	EndGlobalSection
	GlobalSection(SolutionProperties) = preSolution
		HideSolutionNode = FALSE
	EndGlobalSection
	GlobalSection(ExtensibilityGlobals) = postSolution
		SolutionGuid = {E89FF9C8-4A43-4F11-9410-31DA4C5419F8}
	EndGlobalSection
EndGlobal
